
Microsoft Visual Studio Solution File, Format Version 12.00
# Visual Studio Version 17
VisualStudioVersion = 17.7.34202.233
MinimumVisualStudioVersion = 10.0.40219.1
Project("{F2A71F9B-5D33-465A-A702-920D77279786}") = "webapplication", "webapplication\webapplication.fsproj", "{02F3BCD4-1679-406C-9073-C53E5751F760}"
EndProject
Global
	GlobalSection(SolutionConfigurationPlatforms) = preSolution
		Debug|Any CPU = Debug|Any CPU
		Release|Any CPU = Release|Any CPU
	EndGlobalSection
	GlobalSection(ProjectConfigurationPlatforms) = postSolution
		{02F3BCD4-1679-406C-9073-C53E5751F760}.Debug|Any CPU.ActiveCfg = Debug|Any CPU
		{02F3BCD4-1679-406C-9073-C53E5751F760}.Debug|Any CPU.Build.0 = Debug|Any CPU
		{02F3BCD4-1679-406C-9073-C53E5751F760}.Release|Any CPU.ActiveCfg = Release|Any CPU
		{02F3BCD4-1679-406C-9073-C53E5751F760}.Release|Any CPU.Build.0 = Release|Any CPU
	EndGlobalSection
	GlobalSection(SolutionProperties) = preSolution
		HideSolutionNode = FALSE
	EndGlobalSection
	GlobalSection(ExtensibilityGlobals) = postSolution
		SolutionGuid = {F43102C1-0A8F-4D66-95EC-EBDB89A4EDA9}
	EndGlobalSection
EndGlobal
